
Microsoft Visual Studio Solution File, Format Version 12.00
# Visual Studio Version 17
VisualStudioVersion = 17.0.31903.59
MinimumVisualStudioVersion = 10.0.40219.1
Project("{9A19103F-16F7-4668-BE54-9A1E7A4F7556}") = "Chronos.Tests", "tests\Chronos.Tests\Chronos.Tests.csproj", "{3716262D-4BAF-435D-93F3-1EA089FE4F03}"
EndProject
Project("{2150E333-8FDC-42A3-9474-1A3956D46DE8}") = "tests", "tests", "{DBC7AC9C-3479-4FE2-A1A2-DAB9B2C43DD1}"
EndProject
Project("{9A19103F-16F7-4668-BE54-9A1E7A4F7556}") = "Chronos.Api", "src\Chronos.Api\Chronos.Api.csproj", "{AF40DB53-6045-4FB2-884D-4517600E653B}"
EndProject
Project("{2150E333-8FDC-42A3-9474-1A3956D46DE8}") = "src", "src", "{2EBC2D02-F8BF-4173-972C-0F0876B693F9}"
EndProject
Project("{2150E333-8FDC-42A3-9474-1A3956D46DE8}") = "novo", "novo", "{15301CAA-C04F-4BA0-8620-45069572E5C6}"
EndProject
Project("{FAE04EC0-301F-11D3-BF4B-00C04F79EFBC}") = "AspireApp.AppHost", "AspireApp\AspireApp.AppHost\AspireApp.AppHost.csproj", "{4ECFBCAD-F416-439C-BCE8-4442C0F35DF0}"
EndProject
Project("{9A19103F-16F7-4668-BE54-9A1E7A4F7556}") = "AspireApp.ServiceDefaults", "AspireApp\AspireApp.ServiceDefaults\AspireApp.ServiceDefaults.csproj", "{42EB168E-C997-4192-AA2E-2CA85A3254BF}"
EndProject
Project("{9A19103F-16F7-4668-BE54-9A1E7A4F7556}") = "AspireApp.ApiService", "AspireApp\AspireApp.ApiService\AspireApp.ApiService.csproj", "{7AC65D0B-C69B-4E8F-A0CF-844C1A2E5FAA}"
EndProject
Project("{9A19103F-16F7-4668-BE54-9A1E7A4F7556}") = "AspireApp.Web", "AspireApp\AspireApp.Web\AspireApp.Web.csproj", "{19FAAFBA-2F3B-49E3-AD86-A3C4056A1DCD}"
EndProject
Project("{9A19103F-16F7-4668-BE54-9A1E7A4F7556}") = "AspireApp.Tests", "AspireApp\AspireApp.Tests\AspireApp.Tests.csproj", "{D1E6902A-7CB7-4BF9-A1E3-11A8C8EC1640}"
EndProject
Project("{2150E333-8FDC-42A3-9474-1A3956D46DE8}") = "VerticalSlice", "VerticalSlice", "{19F3D49B-A252-443D-A339-444C51C5E047}"
EndProject
Project("{FAE04EC0-301F-11D3-BF4B-00C04F79EFBC}") = "Vertical", "Vertical\Vertical.csproj", "{4141E345-D7B8-47A6-B25C-DEC6275348BF}"
EndProject
Global
	GlobalSection(SolutionConfigurationPlatforms) = preSolution
		Debug|Any CPU = Debug|Any CPU
		Release|Any CPU = Release|Any CPU
	EndGlobalSection
	GlobalSection(ProjectConfigurationPlatforms) = postSolution
		{3716262D-4BAF-435D-93F3-1EA089FE4F03}.Debug|Any CPU.ActiveCfg = Debug|Any CPU
		{3716262D-4BAF-435D-93F3-1EA089FE4F03}.Debug|Any CPU.Build.0 = Debug|Any CPU
		{3716262D-4BAF-435D-93F3-1EA089FE4F03}.Release|Any CPU.ActiveCfg = Release|Any CPU
		{3716262D-4BAF-435D-93F3-1EA089FE4F03}.Release|Any CPU.Build.0 = Release|Any CPU
		{AF40DB53-6045-4FB2-884D-4517600E653B}.Debug|Any CPU.ActiveCfg = Debug|Any CPU
		{AF40DB53-6045-4FB2-884D-4517600E653B}.Debug|Any CPU.Build.0 = Debug|Any CPU
		{AF40DB53-6045-4FB2-884D-4517600E653B}.Release|Any CPU.ActiveCfg = Release|Any CPU
		{AF40DB53-6045-4FB2-884D-4517600E653B}.Release|Any CPU.Build.0 = Release|Any CPU
		{4ECFBCAD-F416-439C-BCE8-4442C0F35DF0}.Debug|Any CPU.ActiveCfg = Debug|Any CPU
		{4ECFBCAD-F416-439C-BCE8-4442C0F35DF0}.Debug|Any CPU.Build.0 = Debug|Any CPU
		{4ECFBCAD-F416-439C-BCE8-4442C0F35DF0}.Release|Any CPU.ActiveCfg = Release|Any CPU
		{4ECFBCAD-F416-439C-BCE8-4442C0F35DF0}.Release|Any CPU.Build.0 = Release|Any CPU
		{42EB168E-C997-4192-AA2E-2CA85A3254BF}.Debug|Any CPU.ActiveCfg = Debug|Any CPU
		{42EB168E-C997-4192-AA2E-2CA85A3254BF}.Debug|Any CPU.Build.0 = Debug|Any CPU
		{42EB168E-C997-4192-AA2E-2CA85A3254BF}.Release|Any CPU.ActiveCfg = Release|Any CPU
		{42EB168E-C997-4192-AA2E-2CA85A3254BF}.Release|Any CPU.Build.0 = Release|Any CPU
		{7AC65D0B-C69B-4E8F-A0CF-844C1A2E5FAA}.Debug|Any CPU.ActiveCfg = Debug|Any CPU
		{7AC65D0B-C69B-4E8F-A0CF-844C1A2E5FAA}.Debug|Any CPU.Build.0 = Debug|Any CPU
		{7AC65D0B-C69B-4E8F-A0CF-844C1A2E5FAA}.Release|Any CPU.ActiveCfg = Release|Any CPU
		{7AC65D0B-C69B-4E8F-A0CF-844C1A2E5FAA}.Release|Any CPU.Build.0 = Release|Any CPU
		{19FAAFBA-2F3B-49E3-AD86-A3C4056A1DCD}.Debug|Any CPU.ActiveCfg = Debug|Any CPU
		{19FAAFBA-2F3B-49E3-AD86-A3C4056A1DCD}.Debug|Any CPU.Build.0 = Debug|Any CPU
		{19FAAFBA-2F3B-49E3-AD86-A3C4056A1DCD}.Release|Any CPU.ActiveCfg = Release|Any CPU
		{19FAAFBA-2F3B-49E3-AD86-A3C4056A1DCD}.Release|Any CPU.Build.0 = Release|Any CPU
		{D1E6902A-7CB7-4BF9-A1E3-11A8C8EC1640}.Debug|Any CPU.ActiveCfg = Debug|Any CPU
		{D1E6902A-7CB7-4BF9-A1E3-11A8C8EC1640}.Debug|Any CPU.Build.0 = Debug|Any CPU
		{D1E6902A-7CB7-4BF9-A1E3-11A8C8EC1640}.Release|Any CPU.ActiveCfg = Release|Any CPU
		{D1E6902A-7CB7-4BF9-A1E3-11A8C8EC1640}.Release|Any CPU.Build.0 = Release|Any CPU
		{4141E345-D7B8-47A6-B25C-DEC6275348BF}.Debug|Any CPU.ActiveCfg = Debug|Any CPU
		{4141E345-D7B8-47A6-B25C-DEC6275348BF}.Debug|Any CPU.Build.0 = Debug|Any CPU
		{4141E345-D7B8-47A6-B25C-DEC6275348BF}.Release|Any CPU.ActiveCfg = Release|Any CPU
		{4141E345-D7B8-47A6-B25C-DEC6275348BF}.Release|Any CPU.Build.0 = Release|Any CPU
	EndGlobalSection
	GlobalSection(SolutionProperties) = preSolution
		HideSolutionNode = FALSE
	EndGlobalSection
	GlobalSection(NestedProjects) = preSolution
		{3716262D-4BAF-435D-93F3-1EA089FE4F03} = {DBC7AC9C-3479-4FE2-A1A2-DAB9B2C43DD1}
		{AF40DB53-6045-4FB2-884D-4517600E653B} = {2EBC2D02-F8BF-4173-972C-0F0876B693F9}
		{4ECFBCAD-F416-439C-BCE8-4442C0F35DF0} = {15301CAA-C04F-4BA0-8620-45069572E5C6}
		{42EB168E-C997-4192-AA2E-2CA85A3254BF} = {15301CAA-C04F-4BA0-8620-45069572E5C6}
		{7AC65D0B-C69B-4E8F-A0CF-844C1A2E5FAA} = {15301CAA-C04F-4BA0-8620-45069572E5C6}
		{19FAAFBA-2F3B-49E3-AD86-A3C4056A1DCD} = {15301CAA-C04F-4BA0-8620-45069572E5C6}
		{D1E6902A-7CB7-4BF9-A1E3-11A8C8EC1640} = {15301CAA-C04F-4BA0-8620-45069572E5C6}
		{4141E345-D7B8-47A6-B25C-DEC6275348BF} = {19F3D49B-A252-443D-A339-444C51C5E047}
	EndGlobalSection
	GlobalSection(ExtensibilityGlobals) = postSolution
		SolutionGuid = {BFA2575E-B850-4DE4-882C-A4565368EF32}
	EndGlobalSection
EndGlobal
